
Microsoft Visual Studio Solution File, Format Version 12.00
# Visual Studio Version 17
VisualStudioVersion = 17.1.32328.378
MinimumVisualStudioVersion = 10.0.40219.1
Project("{FAE04EC0-301F-11D3-BF4B-00C04F79EFBC}") = "Ch3", "Ch3\Ch3.csproj", "{54A181D4-CC47-40B6-BB0C-A3BC8E1C70E8}"
EndProject
Global
	GlobalSection(SolutionConfigurationPlatforms) = preSolution
		Debug|Any CPU = Debug|Any CPU
		Release|Any CPU = Release|Any CPU
	EndGlobalSection
	GlobalSection(ProjectConfigurationPlatforms) = postSolution
		{54A181D4-CC47-40B6-BB0C-A3BC8E1C70E8}.Debug|Any CPU.ActiveCfg = Debug|Any CPU
		{54A181D4-CC47-40B6-BB0C-A3BC8E1C70E8}.Debug|Any CPU.Build.0 = Debug|Any CPU
		{54A181D4-CC47-40B6-BB0C-A3BC8E1C70E8}.Release|Any CPU.ActiveCfg = Release|Any CPU
		{54A181D4-CC47-40B6-BB0C-A3BC8E1C70E8}.Release|Any CPU.Build.0 = Release|Any CPU
	EndGlobalSection
	GlobalSection(SolutionProperties) = preSolution
		HideSolutionNode = FALSE
	EndGlobalSection
	GlobalSection(ExtensibilityGlobals) = postSolution
		SolutionGuid = {BF51C77D-7511-4C59-B3C1-44CF335ED1D1}
	EndGlobalSection
EndGlobal
